
Microsoft Visual Studio Solution File, Format Version 12.00
# Visual Studio Version 16
VisualStudioVersion = 16.0.30621.155
MinimumVisualStudioVersion = 10.0.40219.1
Project("{FAE04EC0-301F-11D3-BF4B-00C04F79EFBC}") = "RussianRoulette", "RussianRoulette.csproj", "{98C0FB03-71CE-4ACD-9C8C-5EB8F869A60F}"
EndProject
Project("{FAE04EC0-301F-11D3-BF4B-00C04F79EFBC}") = "RRunittest", "RRunittest\RRunittest.csproj", "{D33DE965-70D7-4C49-9DB2-833C4A9F1110}"
EndProject
Global
	GlobalSection(SolutionConfigurationPlatforms) = preSolution
		Debug|Any CPU = Debug|Any CPU
		Release|Any CPU = Release|Any CPU
	EndGlobalSection
	GlobalSection(ProjectConfigurationPlatforms) = postSolution
		{98C0FB03-71CE-4ACD-9C8C-5EB8F869A60F}.Debug|Any CPU.ActiveCfg = Debug|Any CPU
		{98C0FB03-71CE-4ACD-9C8C-5EB8F869A60F}.Debug|Any CPU.Build.0 = Debug|Any CPU
		{98C0FB03-71CE-4ACD-9C8C-5EB8F869A60F}.Release|Any CPU.ActiveCfg = Release|Any CPU
		{98C0FB03-71CE-4ACD-9C8C-5EB8F869A60F}.Release|Any CPU.Build.0 = Release|Any CPU
		{D33DE965-70D7-4C49-9DB2-833C4A9F1110}.Debug|Any CPU.ActiveCfg = Debug|Any CPU
		{D33DE965-70D7-4C49-9DB2-833C4A9F1110}.Debug|Any CPU.Build.0 = Debug|Any CPU
		{D33DE965-70D7-4C49-9DB2-833C4A9F1110}.Release|Any CPU.ActiveCfg = Release|Any CPU
		{D33DE965-70D7-4C49-9DB2-833C4A9F1110}.Release|Any CPU.Build.0 = Release|Any CPU
	EndGlobalSection
	GlobalSection(SolutionProperties) = preSolution
		HideSolutionNode = FALSE
	EndGlobalSection
	GlobalSection(ExtensibilityGlobals) = postSolution
		SolutionGuid = {54729881-D68F-416A-8CFD-36F33C38DF91}
	EndGlobalSection
EndGlobal
